
Microsoft Visual Studio Solution File, Format Version 11.00
# Visual Studio 2010
Project("{FAE04EC0-301F-11D3-BF4B-00C04F79EFBC}") = "Assembly-CSharp", "Assembly-CSharp.csproj", "{6803D3E1-463F-2937-417F-8831EAB523FF}"
EndProject
Project("{FAE04EC0-301F-11D3-BF4B-00C04F79EFBC}") = "Assembly-CSharp-Editor", "Assembly-CSharp-Editor.csproj", "{BC2DD3E3-C100-D6FD-FD45-375CD98AB5DD}"
EndProject
Global
	GlobalSection(SolutionConfigurationPlatforms) = preSolution
		Debug|Any CPU = Debug|Any CPU
		Release|Any CPU = Release|Any CPU
	EndGlobalSection
	GlobalSection(ProjectConfigurationPlatforms) = postSolution
		{6803D3E1-463F-2937-417F-8831EAB523FF}.Debug|Any CPU.ActiveCfg = Debug|Any CPU
		{6803D3E1-463F-2937-417F-8831EAB523FF}.Debug|Any CPU.Build.0 = Debug|Any CPU
		{6803D3E1-463F-2937-417F-8831EAB523FF}.Release|Any CPU.ActiveCfg = Release|Any CPU
		{6803D3E1-463F-2937-417F-8831EAB523FF}.Release|Any CPU.Build.0 = Release|Any CPU
		{BC2DD3E3-C100-D6FD-FD45-375CD98AB5DD}.Debug|Any CPU.ActiveCfg = Debug|Any CPU
		{BC2DD3E3-C100-D6FD-FD45-375CD98AB5DD}.Debug|Any CPU.Build.0 = Debug|Any CPU
		{BC2DD3E3-C100-D6FD-FD45-375CD98AB5DD}.Release|Any CPU.ActiveCfg = Release|Any CPU
		{BC2DD3E3-C100-D6FD-FD45-375CD98AB5DD}.Release|Any CPU.Build.0 = Release|Any CPU
	EndGlobalSection
	GlobalSection(SolutionProperties) = preSolution
		HideSolutionNode = FALSE
	EndGlobalSection
EndGlobal
